// !$*UTF8*$!
{
	archiveVersion = 1;
	classes = {
	};
	objectVersion = 56;
	objects = {

/* Begin PBXBuildFile section */
		16351CD6290376F000D1C58F /* 2.mp3 in Resources */ = {isa = PBXBuildFile; fileRef = 16351CD5290376F000D1C58F /* 2.mp3 */; };
		16351CD8290378FF00D1C58F /* LyricsView.swift in Sources */ = {isa = PBXBuildFile; fileRef = 16351CD7290378FF00D1C58F /* LyricsView.swift */; };
		16351CDA2903861100D1C58F /* SFProDisplay-Medium.ttf in Resources */ = {isa = PBXBuildFile; fileRef = 16351CD92903861100D1C58F /* SFProDisplay-Medium.ttf */; };
		16351CDC29038B0800D1C58F /* FAMA.mp3 in Resources */ = {isa = PBXBuildFile; fileRef = 16351CDB29038B0800D1C58F /* FAMA.mp3 */; };
		16351CDE2904171900D1C58F /* 3.mp3 in Resources */ = {isa = PBXBuildFile; fileRef = 16351CDD2904171900D1C58F /* 3.mp3 */; };
		16351CE22904437C00D1C58F /* 4.mp3 in Resources */ = {isa = PBXBuildFile; fileRef = 16351CE12904437C00D1C58F /* 4.mp3 */; };
		16351CE42905710400D1C58F /* Extentions.swift in Sources */ = {isa = PBXBuildFile; fileRef = 16351CE32905710400D1C58F /* Extentions.swift */; };
		1686280528FEF39B001D69B1 /* MusicPlayerApp.swift in Sources */ = {isa = PBXBuildFile; fileRef = 1686280428FEF39B001D69B1 /* MusicPlayerApp.swift */; };
		1686280728FEF39B001D69B1 /* ContentView.swift in Sources */ = {isa = PBXBuildFile; fileRef = 1686280628FEF39B001D69B1 /* ContentView.swift */; };
		1686280928FEF39D001D69B1 /* Assets.xcassets in Resources */ = {isa = PBXBuildFile; fileRef = 1686280828FEF39D001D69B1 /* Assets.xcassets */; };
		1686280C28FEF39D001D69B1 /* Preview Assets.xcassets in Resources */ = {isa = PBXBuildFile; fileRef = 1686280B28FEF39D001D69B1 /* Preview Assets.xcassets */; };
		1686281528FEF686001D69B1 /* PlayerView.swift in Sources */ = {isa = PBXBuildFile; fileRef = 1686281428FEF686001D69B1 /* PlayerView.swift */; };
		1686281728FF1694001D69B1 /* PlayerViewModel.swift in Sources */ = {isa = PBXBuildFile; fileRef = 1686281628FF1694001D69B1 /* PlayerViewModel.swift */; };
		1686281928FF175E001D69B1 /* AudioManager.swift in Sources */ = {isa = PBXBuildFile; fileRef = 1686281828FF175E001D69B1 /* AudioManager.swift */; };
		1686281C28FF22CF001D69B1 /* 1.mp3 in Resources */ = {isa = PBXBuildFile; fileRef = 1686281B28FF22CF001D69B1 /* 1.mp3 */; };
		1686282E2902F433001D69B1 /* SFProDisplay-Bold.ttf in Resources */ = {isa = PBXBuildFile; fileRef = 1686282D2902F433001D69B1 /* SFProDisplay-Bold.ttf */; };
		168628302902F4A6001D69B1 /* SFProDisplay-Regular.ttf in Resources */ = {isa = PBXBuildFile; fileRef = 1686282F2902F4A6001D69B1 /* SFProDisplay-Regular.ttf */; };
/* End PBXBuildFile section */

/* Begin PBXFileReference section */
		16351CD5290376F000D1C58F /* 2.mp3 */ = {isa = PBXFileReference; lastKnownFileType = audio.mp3; path = 2.mp3; sourceTree = "<group>"; };
		16351CD7290378FF00D1C58F /* LyricsView.swift */ = {isa = PBXFileReference; lastKnownFileType = sourcecode.swift; path = LyricsView.swift; sourceTree = "<group>"; };
		16351CD92903861100D1C58F /* SFProDisplay-Medium.ttf */ = {isa = PBXFileReference; lastKnownFileType = file; path = "SFProDisplay-Medium.ttf"; sourceTree = "<group>"; };
		16351CDB29038B0800D1C58F /* FAMA.mp3 */ = {isa = PBXFileReference; lastKnownFileType = audio.mp3; path = FAMA.mp3; sourceTree = "<group>"; };
		16351CDD2904171900D1C58F /* 3.mp3 */ = {isa = PBXFileReference; lastKnownFileType = audio.mp3; path = 3.mp3; sourceTree = "<group>"; };
		16351CE12904437C00D1C58F /* 4.mp3 */ = {isa = PBXFileReference; lastKnownFileType = audio.mp3; path = 4.mp3; sourceTree = "<group>"; };
		16351CE32905710400D1C58F /* Extentions.swift */ = {isa = PBXFileReference; lastKnownFileType = sourcecode.swift; path = Extentions.swift; sourceTree = "<group>"; };
		1686280128FEF39B001D69B1 /* MusicPlayer.app */ = {isa = PBXFileReference; explicitFileType = wrapper.application; includeInIndex = 0; path = MusicPlayer.app; sourceTree = BUILT_PRODUCTS_DIR; };
		1686280428FEF39B001D69B1 /* MusicPlayerApp.swift */ = {isa = PBXFileReference; lastKnownFileType = sourcecode.swift; path = MusicPlayerApp.swift; sourceTree = "<group>"; };
		1686280628FEF39B001D69B1 /* ContentView.swift */ = {isa = PBXFileReference; lastKnownFileType = sourcecode.swift; path = ContentView.swift; sourceTree = "<group>"; };
		1686280828FEF39D001D69B1 /* Assets.xcassets */ = {isa = PBXFileReference; lastKnownFileType = folder.assetcatalog; path = Assets.xcassets; sourceTree = "<group>"; };
		1686280B28FEF39D001D69B1 /* Preview Assets.xcassets */ = {isa = PBXFileReference; lastKnownFileType = folder.assetcatalog; path = "Preview Assets.xcassets"; sourceTree = "<group>"; };
		1686281428FEF686001D69B1 /* PlayerView.swift */ = {isa = PBXFileReference; lastKnownFileType = sourcecode.swift; path = PlayerView.swift; sourceTree = "<group>"; };
		1686281628FF1694001D69B1 /* PlayerViewModel.swift */ = {isa = PBXFileReference; lastKnownFileType = sourcecode.swift; path = PlayerViewModel.swift; sourceTree = "<group>"; };
		1686281828FF175E001D69B1 /* AudioManager.swift */ = {isa = PBXFileReference; lastKnownFileType = sourcecode.swift; path = AudioManager.swift; sourceTree = "<group>"; };
		1686281A28FF19A5001D69B1 /* Info.plist */ = {isa = PBXFileReference; lastKnownFileType = text.plist; path = Info.plist; sourceTree = "<group>"; };
		1686281B28FF22CF001D69B1 /* 1.mp3 */ = {isa = PBXFileReference; lastKnownFileType = audio.mp3; path = 1.mp3; sourceTree = "<group>"; };
		1686282D2902F433001D69B1 /* SFProDisplay-Bold.ttf */ = {isa = PBXFileReference; lastKnownFileType = file; path = "SFProDisplay-Bold.ttf"; sourceTree = "<group>"; };
		1686282F2902F4A6001D69B1 /* SFProDisplay-Regular.ttf */ = {isa = PBXFileReference; lastKnownFileType = file; path = "SFProDisplay-Regular.ttf"; sourceTree = "<group>"; };
/* End PBXFileReference section */

/* Begin PBXFrameworksBuildPhase section */
		168627FE28FEF39B001D69B1 /* Frameworks */ = {
			isa = PBXFrameworksBuildPhase;
			buildActionMask = 2147483647;
			files = (
			);
			runOnlyForDeploymentPostprocessing = 0;
		};
/* End PBXFrameworksBuildPhase section */

/* Begin PBXGroup section */
		168627F828FEF39B001D69B1 = {
			isa = PBXGroup;
			children = (
				1686282C2902F3A0001D69B1 /* Custom Fonts */,
				1686280328FEF39B001D69B1 /* MusicPlayer */,
				1686280228FEF39B001D69B1 /* Products */,
			);
			sourceTree = "<group>";
		};
		1686280228FEF39B001D69B1 /* Products */ = {
			isa = PBXGroup;
			children = (
				1686280128FEF39B001D69B1 /* MusicPlayer.app */,
			);
			name = Products;
			sourceTree = "<group>";
		};
		1686280328FEF39B001D69B1 /* MusicPlayer */ = {
			isa = PBXGroup;
			children = (
				1686281A28FF19A5001D69B1 /* Info.plist */,
				1686280428FEF39B001D69B1 /* MusicPlayerApp.swift */,
				1686280628FEF39B001D69B1 /* ContentView.swift */,
				1686281428FEF686001D69B1 /* PlayerView.swift */,
				16351CE32905710400D1C58F /* Extentions.swift */,
				16351CD7290378FF00D1C58F /* LyricsView.swift */,
				1686281628FF1694001D69B1 /* PlayerViewModel.swift */,
				1686281828FF175E001D69B1 /* AudioManager.swift */,
				1686280828FEF39D001D69B1 /* Assets.xcassets */,
				16351CDB29038B0800D1C58F /* FAMA.mp3 */,
				16351CD5290376F000D1C58F /* 2.mp3 */,
				16351CDD2904171900D1C58F /* 3.mp3 */,
				16351CE12904437C00D1C58F /* 4.mp3 */,
				1686281B28FF22CF001D69B1 /* 1.mp3 */,
				1686280A28FEF39D001D69B1 /* Preview Content */,
			);
			path = MusicPlayer;
			sourceTree = "<group>";
		};
		1686280A28FEF39D001D69B1 /* Preview Content */ = {
			isa = PBXGroup;
			children = (
				1686280B28FEF39D001D69B1 /* Preview Assets.xcassets */,
			);
			path = "Preview Content";
			sourceTree = "<group>";
		};
		1686282C2902F3A0001D69B1 /* Custom Fonts */ = {
			isa = PBXGroup;
			children = (
				1686282D2902F433001D69B1 /* SFProDisplay-Bold.ttf */,
				16351CD92903861100D1C58F /* SFProDisplay-Medium.ttf */,
				1686282F2902F4A6001D69B1 /* SFProDisplay-Regular.ttf */,
			);
			path = "Custom Fonts";
			sourceTree = "<group>";
		};
/* End PBXGroup section */

/* Begin PBXNativeTarget section */
		1686280028FEF39B001D69B1 /* MusicPlayer */ = {
			isa = PBXNativeTarget;
			buildConfigurationList = 1686280F28FEF39D001D69B1 /* Build configuration list for PBXNativeTarget "MusicPlayer" */;
			buildPhases = (
				168627FD28FEF39B001D69B1 /* Sources */,
				168627FE28FEF39B001D69B1 /* Frameworks */,
				168627FF28FEF39B001D69B1 /* Resources */,
			);
			buildRules = (
			);
			dependencies = (
			);
			name = MusicPlayer;
			productName = MusicPlayer;
			productReference = 1686280128FEF39B001D69B1 /* MusicPlayer.app */;
			productType = "com.apple.product-type.application";
		};
/* End PBXNativeTarget section */

/* Begin PBXProject section */
		168627F928FEF39B001D69B1 /* Project object */ = {
			isa = PBXProject;
			attributes = {
				BuildIndependentTargetsInParallel = 1;
				LastSwiftUpdateCheck = 1400;
				LastUpgradeCheck = 1400;
				TargetAttributes = {
					1686280028FEF39B001D69B1 = {
						CreatedOnToolsVersion = 14.0;
					};
				};
			};
			buildConfigurationList = 168627FC28FEF39B001D69B1 /* Build configuration list for PBXProject "MusicPlayer" */;
			compatibilityVersion = "Xcode 14.0";
			developmentRegion = en;
			hasScannedForEncodings = 0;
			knownRegions = (
				en,
				Base,
			);
			mainGroup = 168627F828FEF39B001D69B1;
			productRefGroup = 1686280228FEF39B001D69B1 /* Products */;
			projectDirPath = "";
			projectRoot = "";
			targets = (
				1686280028FEF39B001D69B1 /* MusicPlayer */,
			);
		};
/* End PBXProject section */

/* Begin PBXResourcesBuildPhase section */
		168627FF28FEF39B001D69B1 /* Resources */ = {
			isa = PBXResourcesBuildPhase;
			buildActionMask = 2147483647;
			files = (
				16351CDC29038B0800D1C58F /* FAMA.mp3 in Resources */,
				1686280C28FEF39D001D69B1 /* Preview Assets.xcassets in Resources */,
				16351CDA2903861100D1C58F /* SFProDisplay-Medium.ttf in Resources */,
				16351CE22904437C00D1C58F /* 4.mp3 in Resources */,
				16351CDE2904171900D1C58F /* 3.mp3 in Resources */,
				1686281C28FF22CF001D69B1 /* 1.mp3 in Resources */,
				1686280928FEF39D001D69B1 /* Assets.xcassets in Resources */,
				168628302902F4A6001D69B1 /* SFProDisplay-Regular.ttf in Resources */,
				1686282E2902F433001D69B1 /* SFProDisplay-Bold.ttf in Resources */,
				16351CD6290376F000D1C58F /* 2.mp3 in Resources */,
			);
			runOnlyForDeploymentPostprocessing = 0;
		};
/* End PBXResourcesBuildPhase section */

/* Begin PBXSourcesBuildPhase section */
		168627FD28FEF39B001D69B1 /* Sources */ = {
			isa = PBXSourcesBuildPhase;
			buildActionMask = 2147483647;
			files = (
				1686281928FF175E001D69B1 /* AudioManager.swift in Sources */,
				1686281728FF1694001D69B1 /* PlayerViewModel.swift in Sources */,
				1686280728FEF39B001D69B1 /* ContentView.swift in Sources */,
				1686280528FEF39B001D69B1 /* MusicPlayerApp.swift in Sources */,
				16351CD8290378FF00D1C58F /* LyricsView.swift in Sources */,
				1686281528FEF686001D69B1 /* PlayerView.swift in Sources */,
				16351CE42905710400D1C58F /* Extentions.swift in Sources */,
			);
			runOnlyForDeploymentPostprocessing = 0;
		};
/* End PBXSourcesBuildPhase section */

/* Begin XCBuildConfiguration section */
		1686280D28FEF39D001D69B1 /* Debug */ = {
			isa = XCBuildConfiguration;
			buildSettings = {
				ALWAYS_SEARCH_USER_PATHS = NO;
				CLANG_ANALYZER_NONNULL = YES;
				CLANG_ANALYZER_NUMBER_OBJECT_CONVERSION = YES_AGGRESSIVE;
				CLANG_CXX_LANGUAGE_STANDARD = "gnu++20";
				CLANG_ENABLE_MODULES = YES;
				CLANG_ENABLE_OBJC_ARC = YES;
				CLANG_ENABLE_OBJC_WEAK = YES;
				CLANG_WARN_BLOCK_CAPTURE_AUTORELEASING = YES;
				CLANG_WARN_BOOL_CONVERSION = YES;
				CLANG_WARN_COMMA = YES;
				CLANG_WARN_CONSTANT_CONVERSION = YES;
				CLANG_WARN_DEPRECATED_OBJC_IMPLEMENTATIONS = YES;
				CLANG_WARN_DIRECT_OBJC_ISA_USAGE = YES_ERROR;
				CLANG_WARN_DOCUMENTATION_COMMENTS = YES;
				CLANG_WARN_EMPTY_BODY = YES;
				CLANG_WARN_ENUM_CONVERSION = YES;
				CLANG_WARN_INFINITE_RECURSION = YES;
				CLANG_WARN_INT_CONVERSION = YES;
				CLANG_WARN_NON_LITERAL_NULL_CONVERSION = YES;
				CLANG_WARN_OBJC_IMPLICIT_RETAIN_SELF = YES;
				CLANG_WARN_OBJC_LITERAL_CONVERSION = YES;
				CLANG_WARN_OBJC_ROOT_CLASS = YES_ERROR;
				CLANG_WARN_QUOTED_INCLUDE_IN_FRAMEWORK_HEADER = YES;
				CLANG_WARN_RANGE_LOOP_ANALYSIS = YES;
				CLANG_WARN_STRICT_PROTOTYPES = YES;
				CLANG_WARN_SUSPICIOUS_MOVE = YES;
				CLANG_WARN_UNGUARDED_AVAILABILITY = YES_AGGRESSIVE;
				CLANG_WARN_UNREACHABLE_CODE = YES;
				CLANG_WARN__DUPLICATE_METHOD_MATCH = YES;
				COPY_PHASE_STRIP = NO;
				DEBUG_INFORMATION_FORMAT = dwarf;
				ENABLE_STRICT_OBJC_MSGSEND = YES;
				ENABLE_TESTABILITY = YES;
				GCC_C_LANGUAGE_STANDARD = gnu11;
				GCC_DYNAMIC_NO_PIC = NO;
				GCC_NO_COMMON_BLOCKS = YES;
				GCC_OPTIMIZATION_LEVEL = 0;
				GCC_PREPROCESSOR_DEFINITIONS = (
					"DEBUG=1",
					"$(inherited)",
				);
				GCC_WARN_64_TO_32_BIT_CONVERSION = YES;
				GCC_WARN_ABOUT_RETURN_TYPE = YES_ERROR;
				GCC_WARN_UNDECLARED_SELECTOR = YES;
				GCC_WARN_UNINITIALIZED_AUTOS = YES_AGGRESSIVE;
				GCC_WARN_UNUSED_FUNCTION = YES;
				GCC_WARN_UNUSED_VARIABLE = YES;
				IPHONEOS_DEPLOYMENT_TARGET = 16.0;
				MTL_ENABLE_DEBUG_INFO = INCLUDE_SOURCE;
				MTL_FAST_MATH = YES;
				ONLY_ACTIVE_ARCH = YES;
				SDKROOT = iphoneos;
				SWIFT_ACTIVE_COMPILATION_CONDITIONS = DEBUG;
				SWIFT_OPTIMIZATION_LEVEL = "-Onone";
			};
			name = Debug;
		};
		1686280E28FEF39D001D69B1 /* Release */ = {
			isa = XCBuildConfiguration;
			buildSettings = {
				ALWAYS_SEARCH_USER_PATHS = NO;
				CLANG_ANALYZER_NONNULL = YES;
				CLANG_ANALYZER_NUMBER_OBJECT_CONVERSION = YES_AGGRESSIVE;
				CLANG_CXX_LANGUAGE_STANDARD = "gnu++20";
				CLANG_ENABLE_MODULES = YES;
				CLANG_ENABLE_OBJC_ARC = YES;
				CLANG_ENABLE_OBJC_WEAK = YES;
				CLANG_WARN_BLOCK_CAPTURE_AUTORELEASING = YES;
				CLANG_WARN_BOOL_CONVERSION = YES;
				CLANG_WARN_COMMA = YES;
				CLANG_WARN_CONSTANT_CONVERSION = YES;
				CLANG_WARN_DEPRECATED_OBJC_IMPLEMENTATIONS = YES;
				CLANG_WARN_DIRECT_OBJC_ISA_USAGE = YES_ERROR;
				CLANG_WARN_DOCUMENTATION_COMMENTS = YES;
				CLANG_WARN_EMPTY_BODY = YES;
				CLANG_WARN_ENUM_CONVERSION = YES;
				CLANG_WARN_INFINITE_RECURSION = YES;
				CLANG_WARN_INT_CONVERSION = YES;
				CLANG_WARN_NON_LITERAL_NULL_CONVERSION = YES;
				CLANG_WARN_OBJC_IMPLICIT_RETAIN_SELF = YES;
				CLANG_WARN_OBJC_LITERAL_CONVERSION = YES;
				CLANG_WARN_OBJC_ROOT_CLASS = YES_ERROR;
				CLANG_WARN_QUOTED_INCLUDE_IN_FRAMEWORK_HEADER = YES;
				CLANG_WARN_RANGE_LOOP_ANALYSIS = YES;
				CLANG_WARN_STRICT_PROTOTYPES = YES;
				CLANG_WARN_SUSPICIOUS_MOVE = YES;
				CLANG_WARN_UNGUARDED_AVAILABILITY = YES_AGGRESSIVE;
				CLANG_WARN_UNREACHABLE_CODE = YES;
				CLANG_WARN__DUPLICATE_METHOD_MATCH = YES;
				COPY_PHASE_STRIP = NO;
				DEBUG_INFORMATION_FORMAT = "dwarf-with-dsym";
				ENABLE_NS_ASSERTIONS = NO;
				ENABLE_STRICT_OBJC_MSGSEND = YES;
				GCC_C_LANGUAGE_STANDARD = gnu11;
				GCC_NO_COMMON_BLOCKS = YES;
				GCC_WARN_64_TO_32_BIT_CONVERSION = YES;
				GCC_WARN_ABOUT_RETURN_TYPE = YES_ERROR;
				GCC_WARN_UNDECLARED_SELECTOR = YES;
				GCC_WARN_UNINITIALIZED_AUTOS = YES_AGGRESSIVE;
				GCC_WARN_UNUSED_FUNCTION = YES;
				GCC_WARN_UNUSED_VARIABLE = YES;
				IPHONEOS_DEPLOYMENT_TARGET = 16.0;
				MTL_ENABLE_DEBUG_INFO = NO;
				MTL_FAST_MATH = YES;
				SDKROOT = iphoneos;
				SWIFT_COMPILATION_MODE = wholemodule;
				SWIFT_OPTIMIZATION_LEVEL = "-O";
				VALIDATE_PRODUCT = YES;
			};
			name = Release;
		};
		1686281028FEF39D001D69B1 /* Debug */ = {
			isa = XCBuildConfiguration;
			buildSettings = {
				ASSETCATALOG_COMPILER_APPICON_NAME = AppIcon;
				ASSETCATALOG_COMPILER_GLOBAL_ACCENT_COLOR_NAME = AccentColor;
				CODE_SIGN_STYLE = Automatic;
				CURRENT_PROJECT_VERSION = 1;
				DEVELOPMENT_ASSET_PATHS = "\"MusicPlayer/Preview Content\"";
				DEVELOPMENT_TEAM = D3QXBB2YQQ;
				ENABLE_PREVIEWS = YES;
				GENERATE_INFOPLIST_FILE = YES;
				INFOPLIST_FILE = MusicPlayer/Info.plist;
				INFOPLIST_KEY_UIApplicationSceneManifest_Generation = YES;
				INFOPLIST_KEY_UIApplicationSupportsIndirectInputEvents = YES;
				INFOPLIST_KEY_UILaunchScreen_Generation = YES;
				INFOPLIST_KEY_UISupportedInterfaceOrientations_iPad = "UIInterfaceOrientationPortrait UIInterfaceOrientationPortraitUpsideDown UIInterfaceOrientationLandscapeLeft UIInterfaceOrientationLandscapeRight";
				INFOPLIST_KEY_UISupportedInterfaceOrientations_iPhone = "UIInterfaceOrientationPortrait UIInterfaceOrientationLandscapeLeft UIInterfaceOrientationLandscapeRight";
				IPHONEOS_DEPLOYMENT_TARGET = 16.0;
				LD_RUNPATH_SEARCH_PATHS = (
					"$(inherited)",
					"@executable_path/Frameworks",
				);
				MARKETING_VERSION = 1.0;
				PRODUCT_BUNDLE_IDENTIFIER = com.ahmedsaeed.MusicPlayer;
				PRODUCT_NAME = "$(TARGET_NAME)";
				SWIFT_EMIT_LOC_STRINGS = YES;
				SWIFT_VERSION = 5.0;
				TARGETED_DEVICE_FAMILY = "1,2";
			};
			name = Debug;
		};
		1686281128FEF39D001D69B1 /* Release */ = {
			isa = XCBuildConfiguration;
			buildSettings = {
				ASSETCATALOG_COMPILER_APPICON_NAME = AppIcon;
				ASSETCATALOG_COMPILER_GLOBAL_ACCENT_COLOR_NAME = AccentColor;
				CODE_SIGN_STYLE = Automatic;
				CURRENT_PROJECT_VERSION = 1;
				DEVELOPMENT_ASSET_PATHS = "\"MusicPlayer/Preview Content\"";
				DEVELOPMENT_TEAM = D3QXBB2YQQ;
				ENABLE_PREVIEWS = YES;
				GENERATE_INFOPLIST_FILE = YES;
				INFOPLIST_FILE = MusicPlayer/Info.plist;
				INFOPLIST_KEY_UIApplicationSceneManifest_Generation = YES;
				INFOPLIST_KEY_UIApplicationSupportsIndirectInputEvents = YES;
				INFOPLIST_KEY_UILaunchScreen_Generation = YES;
				INFOPLIST_KEY_UISupportedInterfaceOrientations_iPad = "UIInterfaceOrientationPortrait UIInterfaceOrientationPortraitUpsideDown UIInterfaceOrientationLandscapeLeft UIInterfaceOrientationLandscapeRight";
				INFOPLIST_KEY_UISupportedInterfaceOrientations_iPhone = "UIInterfaceOrientationPortrait UIInterfaceOrientationLandscapeLeft UIInterfaceOrientationLandscapeRight";
				IPHONEOS_DEPLOYMENT_TARGET = 16.0;
				LD_RUNPATH_SEARCH_PATHS = (
					"$(inherited)",
					"@executable_path/Frameworks",
				);
				MARKETING_VERSION = 1.0;
				PRODUCT_BUNDLE_IDENTIFIER = com.ahmedsaeed.MusicPlayer;
				PRODUCT_NAME = "$(TARGET_NAME)";
				SWIFT_EMIT_LOC_STRINGS = YES;
				SWIFT_VERSION = 5.0;
				TARGETED_DEVICE_FAMILY = "1,2";
			};
			name = Release;
		};
/* End XCBuildConfiguration section */

/* Begin XCConfigurationList section */
		168627FC28FEF39B001D69B1 /* Build configuration list for PBXProject "MusicPlayer" */ = {
			isa = XCConfigurationList;
			buildConfigurations = (
				1686280D28FEF39D001D69B1 /* Debug */,
				1686280E28FEF39D001D69B1 /* Release */,
			);
			defaultConfigurationIsVisible = 0;
			defaultConfigurationName = Release;
		};
		1686280F28FEF39D001D69B1 /* Build configuration list for PBXNativeTarget "MusicPlayer" */ = {
			isa = XCConfigurationList;
			buildConfigurations = (
				1686281028FEF39D001D69B1 /* Debug */,
				1686281128FEF39D001D69B1 /* Release */,
			);
			defaultConfigurationIsVisible = 0;
			defaultConfigurationName = Release;
		};
/* End XCConfigurationList section */
	};
	rootObject = 168627F928FEF39B001D69B1 /* Project object */;
}
